<?xml version="1.0" encoding="utf-8"?>
<Project ToolsVersion="4.0" xmlns="http://schemas.microsoft.com/developer/msbuild/2003">
  <ItemGroup>
    <Filter Include="Source Files">
      <UniqueIdentifier>{4FC737F1-C7A5-4376-A066-2A32D752A2FF}</UniqueIdentifier>
      <Extensions>cpp;c;cc;cxx;def;odl;idl;hpj;bat;asm;asmx</Extensions>
    </Filter>
    <Filter Include="Resource Files">
      <UniqueIdentifier>{67DA6AB6-F800-4c08-8B7A-83BB121AAD01}</UniqueIdentifier>
      <Extensions>rc;ico;cur;bmp;dlg;rc2;rct;bin;rgs;gif;jpg;jpeg;jpe;resx;tiff;tif;png;wav;mfcribbon-ms</Extensions>
    </Filter>
    <Filter Include="AppLayer">
      <UniqueIdentifier>{ffdb1dac-8cb0-4439-b55a-3130fad7d8a6}</UniqueIdentifier>
    </Filter>
    <Filter Include="AssetLoader">
      <UniqueIdentifier>{37e2bcd2-c2ed-42c1-becd-e350a5b0305e}</UniqueIdentifier>
    </Filter>
    <Filter Include="RenderEngine">
      <UniqueIdentifier>{9dc22241-4f69-4317-adf3-b66721958fac}</UniqueIdentifier>
    </Filter>
    <Filter Include="SceneManagement">
      <UniqueIdentifier>{09053329-a55b-4d0c-90ca-f00e17b0231e}</UniqueIdentifier>
    </Filter>
    <Filter Include="RenderEngine\RenderTarget">
      <UniqueIdentifier>{ed3ad2d2-4c01-4704-948a-ac15844ed8b4}</UniqueIdentifier>
    </Filter>
    <Filter Include="FX">
      <UniqueIdentifier>{17f55a7e-98b9-4132-a067-44ced4cde2bd}</UniqueIdentifier>
    </Filter>
    <Filter Include="Common">
      <UniqueIdentifier>{81bbc0d3-91ae-446f-af23-03c3bc4e7f73}</UniqueIdentifier>
    </Filter>
    <Filter Include="Physics">
      <UniqueIdentifier>{6a69ca10-d95c-4487-ad16-a724ffd6ef5e}</UniqueIdentifier>
    </Filter>
  </ItemGroup>
  <ItemGroup>
    <ClCompile Include="main.cpp">
      <Filter>Source Files</Filter>
    </ClCompile>
    <ClCompile Include="AppLayer\GLApplication.cpp">
      <Filter>AppLayer</Filter>
    </ClCompile>
    <ClCompile Include="RenderEngine\GLRenderer.cpp">
      <Filter>RenderEngine</Filter>
    </ClCompile>
    <ClCompile Include="AppLayer\InputListener.cpp">
      <Filter>AppLayer</Filter>
    </ClCompile>
    <ClCompile Include="SceneManagement\Camera.cpp">
      <Filter>SceneManagement</Filter>
    </ClCompile>
    <ClCompile Include="RenderEngine\RenderTarget.cpp">
      <Filter>RenderEngine\RenderTarget</Filter>
    </ClCompile>
    <ClCompile Include="RenderEngine\RenderResourceFactory.cpp">
      <Filter>RenderEngine</Filter>
    </ClCompile>
    <ClCompile Include="RenderEngine\SimpleGLSLContainer.cpp">
      <Filter>RenderEngine</Filter>
    </ClCompile>
    <ClCompile Include="RenderEngine\SimpleCgContainer.cpp">
      <Filter>RenderEngine</Filter>
    </ClCompile>
    <ClCompile Include="RenderEngine\Material.cpp">
      <Filter>RenderEngine</Filter>
    </ClCompile>
    <ClCompile Include="AssetLoader\kissModel.cpp">
      <Filter>AssetLoader</Filter>
    </ClCompile>
    <ClCompile Include="FX\Particles.cpp">
      <Filter>FX</Filter>
    </ClCompile>
    <ClCompile Include="SceneManagement\SceneObject.cpp">
      <Filter>SceneManagement</Filter>
    </ClCompile>
    <ClCompile Include="FX\ParticleSystem.cpp">
      <Filter>FX</Filter>
    </ClCompile>
    <ClCompile Include="Physics\AsyncSolver.cpp">
      <Filter>Physics</Filter>
    </ClCompile>
    <ClCompile Include="Physics\Constraint.cpp">
      <Filter>Physics</Filter>
    </ClCompile>
  </ItemGroup>
  <ItemGroup>
    <ClInclude Include="AppLayer\GLApplication.h">
      <Filter>AppLayer</Filter>
    </ClInclude>
    <ClInclude Include="AssetLoader\rgbe.h">
      <Filter>AssetLoader</Filter>
    </ClInclude>
    <ClInclude Include="RenderEngine\GLRenderer.h">
      <Filter>RenderEngine</Filter>
    </ClInclude>
    <ClInclude Include="AppLayer\InputListener.h">
      <Filter>AppLayer</Filter>
    </ClInclude>
    <ClInclude Include="SceneManagement\Camera.h">
      <Filter>SceneManagement</Filter>
    </ClInclude>
    <ClInclude Include="RenderEngine\RenderTarget.h">
      <Filter>RenderEngine\RenderTarget</Filter>
    </ClInclude>
    <ClInclude Include="RenderEngine\RenderResourceFactory.h">
      <Filter>RenderEngine</Filter>
    </ClInclude>
    <ClInclude Include="AppLayer\Service.h">
      <Filter>AppLayer</Filter>
    </ClInclude>
    <ClInclude Include="RenderEngine\SimpleShaderContainer.h">
      <Filter>RenderEngine</Filter>
    </ClInclude>
    <ClInclude Include="RenderEngine\Material.h">
      <Filter>RenderEngine</Filter>
    </ClInclude>
    <ClInclude Include="RenderEngine\Light.h">
      <Filter>RenderEngine</Filter>
    </ClInclude>
    <ClInclude Include="AssetLoader\kissModel.h">
      <Filter>AssetLoader</Filter>
    </ClInclude>
    <ClInclude Include="FX\Particles.h">
      <Filter>FX</Filter>
    </ClInclude>
    <ClInclude Include="SceneManagement\SceneObject.h">
      <Filter>SceneManagement</Filter>
    </ClInclude>
    <ClInclude Include="FX\ParticleSystem.h">
      <Filter>FX</Filter>
    </ClInclude>
    <ClInclude Include="Common\Macros.h">
      <Filter>Common</Filter>
    </ClInclude>
    <ClInclude Include="Physics\AsyncSolver.h">
      <Filter>Physics</Filter>
    </ClInclude>
    <ClInclude Include="Common\insertion.h">
      <Filter>Common</Filter>
    </ClInclude>
    <ClInclude Include="Physics\Constraint.h">
      <Filter>Physics</Filter>
    </ClInclude>
    <ClInclude Include="RenderEngine\RenderData.h">
      <Filter>RenderEngine</Filter>
    </ClInclude>
  </ItemGroup>
  <ItemGroup>
    <None Include="media\programs\basicLight_v.glsl">
      <Filter>Resource Files</Filter>
    </None>
    <None Include="media\programs\basicLight_f.glsl">
      <Filter>Resource Files</Filter>
    </None>
    <None Include="media\programs\basicUnlit_v.glsl">
      <Filter>Resource Files</Filter>
    </None>
    <None Include="media\programs\basicUnlit_f.glsl">
      <Filter>Resource Files</Filter>
    </None>
  </ItemGroup>
</Project>